
Microsoft Visual Studio Solution File, Format Version 12.00
# Visual Studio Version 16
VisualStudioVersion = 16.0.32002.261
MinimumVisualStudioVersion = 10.0.40219.1
Project("{FAE04EC0-301F-11D3-BF4B-00C04F79EFBC}") = "Mission6", "Mission6.csproj", "{B6B2B9C8-1EC1-4C78-962F-D30E1BE4BA45}"
EndProject
Global
	GlobalSection(SolutionConfigurationPlatforms) = preSolution
		Debug|Any CPU = Debug|Any CPU
		Release|Any CPU = Release|Any CPU
	EndGlobalSection
	GlobalSection(ProjectConfigurationPlatforms) = postSolution
		{B6B2B9C8-1EC1-4C78-962F-D30E1BE4BA45}.Debug|Any CPU.ActiveCfg = Debug|Any CPU
		{B6B2B9C8-1EC1-4C78-962F-D30E1BE4BA45}.Debug|Any CPU.Build.0 = Debug|Any CPU
		{B6B2B9C8-1EC1-4C78-962F-D30E1BE4BA45}.Release|Any CPU.ActiveCfg = Release|Any CPU
		{B6B2B9C8-1EC1-4C78-962F-D30E1BE4BA45}.Release|Any CPU.Build.0 = Release|Any CPU
	EndGlobalSection
	GlobalSection(SolutionProperties) = preSolution
		HideSolutionNode = FALSE
	EndGlobalSection
	GlobalSection(ExtensibilityGlobals) = postSolution
		SolutionGuid = {F482B0A8-C5C2-4C4F-81CE-3F404DA31E68}
	EndGlobalSection
EndGlobal
